// !$*UTF8*$!
{
	archiveVersion = 1;
	classes = {
	};
	objectVersion = 46;
	objects = {

/* Begin PBXBuildFile section */
		1FB112421E31E999007F9183 /* AppDelegate.swift in Sources */ = {isa = PBXBuildFile; fileRef = 1FB112411E31E999007F9183 /* AppDelegate.swift */; };
		1FB112441E31E999007F9183 /* ViewController.swift in Sources */ = {isa = PBXBuildFile; fileRef = 1FB112431E31E999007F9183 /* ViewController.swift */; };
		1FB112471E31E999007F9183 /* Main.storyboard in Resources */ = {isa = PBXBuildFile; fileRef = 1FB112451E31E999007F9183 /* Main.storyboard */; };
		1FB112491E31E999007F9183 /* Assets.xcassets in Resources */ = {isa = PBXBuildFile; fileRef = 1FB112481E31E999007F9183 /* Assets.xcassets */; };
		1FB1124C1E31E999007F9183 /* LaunchScreen.storyboard in Resources */ = {isa = PBXBuildFile; fileRef = 1FB1124A1E31E999007F9183 /* LaunchScreen.storyboard */; };
		1FB112541E31EA62007F9183 /* OtherViewController.swift in Sources */ = {isa = PBXBuildFile; fileRef = 1FB112531E31EA62007F9183 /* OtherViewController.swift */; };
		1FB112561E31EC8E007F9183 /* ModalViewController.swift in Sources */ = {isa = PBXBuildFile; fileRef = 1FB112551E31EC8E007F9183 /* ModalViewController.swift */; };
/* End PBXBuildFile section */

/* Begin PBXFileReference section */
		1FB1123E1E31E999007F9183 /* FancySegues.app */ = {isa = PBXFileReference; explicitFileType = wrapper.application; includeInIndex = 0; path = FancySegues.app; sourceTree = BUILT_PRODUCTS_DIR; };
		1FB112411E31E999007F9183 /* AppDelegate.swift */ = {isa = PBXFileReference; lastKnownFileType = sourcecode.swift; path = AppDelegate.swift; sourceTree = "<group>"; };
		1FB112431E31E999007F9183 /* ViewController.swift */ = {isa = PBXFileReference; lastKnownFileType = sourcecode.swift; path = ViewController.swift; sourceTree = "<group>"; };
		1FB112461E31E999007F9183 /* Base */ = {isa = PBXFileReference; lastKnownFileType = file.storyboard; name = Base; path = Base.lproj/Main.storyboard; sourceTree = "<group>"; };
		1FB112481E31E999007F9183 /* Assets.xcassets */ = {isa = PBXFileReference; lastKnownFileType = folder.assetcatalog; path = Assets.xcassets; sourceTree = "<group>"; };
		1FB1124B1E31E999007F9183 /* Base */ = {isa = PBXFileReference; lastKnownFileType = file.storyboard; name = Base; path = Base.lproj/LaunchScreen.storyboard; sourceTree = "<group>"; };
		1FB1124D1E31E999007F9183 /* Info.plist */ = {isa = PBXFileReference; lastKnownFileType = text.plist.xml; path = Info.plist; sourceTree = "<group>"; };
		1FB112531E31EA62007F9183 /* OtherViewController.swift */ = {isa = PBXFileReference; fileEncoding = 4; lastKnownFileType = sourcecode.swift; path = OtherViewController.swift; sourceTree = "<group>"; };
		1FB112551E31EC8E007F9183 /* ModalViewController.swift */ = {isa = PBXFileReference; fileEncoding = 4; lastKnownFileType = sourcecode.swift; path = ModalViewController.swift; sourceTree = "<group>"; };
/* End PBXFileReference section */

/* Begin PBXFrameworksBuildPhase section */
		1FB1123B1E31E999007F9183 /* Frameworks */ = {
			isa = PBXFrameworksBuildPhase;
			buildActionMask = 2147483647;
			files = (
			);
			runOnlyForDeploymentPostprocessing = 0;
		};
/* End PBXFrameworksBuildPhase section */

/* Begin PBXGroup section */
		1FB112351E31E999007F9183 = {
			isa = PBXGroup;
			children = (
				1FB112401E31E999007F9183 /* FancySegues */,
				1FB1123F1E31E999007F9183 /* Products */,
			);
			sourceTree = "<group>";
		};
		1FB1123F1E31E999007F9183 /* Products */ = {
			isa = PBXGroup;
			children = (
				1FB1123E1E31E999007F9183 /* FancySegues.app */,
			);
			name = Products;
			sourceTree = "<group>";
		};
		1FB112401E31E999007F9183 /* FancySegues */ = {
			isa = PBXGroup;
			children = (
				1FB112411E31E999007F9183 /* AppDelegate.swift */,
				1FB112431E31E999007F9183 /* ViewController.swift */,
				1FB112531E31EA62007F9183 /* OtherViewController.swift */,
				1FB112551E31EC8E007F9183 /* ModalViewController.swift */,
				1FB112451E31E999007F9183 /* Main.storyboard */,
				1FB112481E31E999007F9183 /* Assets.xcassets */,
				1FB1124A1E31E999007F9183 /* LaunchScreen.storyboard */,
				1FB1124D1E31E999007F9183 /* Info.plist */,
			);
			path = FancySegues;
			sourceTree = "<group>";
		};
/* End PBXGroup section */

/* Begin PBXNativeTarget section */
		1FB1123D1E31E999007F9183 /* FancySegues */ = {
			isa = PBXNativeTarget;
			buildConfigurationList = 1FB112501E31E999007F9183 /* Build configuration list for PBXNativeTarget "FancySegues" */;
			buildPhases = (
				1FB1123A1E31E999007F9183 /* Sources */,
				1FB1123B1E31E999007F9183 /* Frameworks */,
				1FB1123C1E31E999007F9183 /* Resources */,
			);
			buildRules = (
			);
			dependencies = (
			);
			name = FancySegues;
			productName = FancySegues;
			productReference = 1FB1123E1E31E999007F9183 /* FancySegues.app */;
			productType = "com.apple.product-type.application";
		};
/* End PBXNativeTarget section */

/* Begin PBXProject section */
		1FB112361E31E999007F9183 /* Project object */ = {
			isa = PBXProject;
			attributes = {
				LastSwiftUpdateCheck = 0820;
				LastUpgradeCheck = 0820;
				ORGANIZATIONNAME = Glucode;
				TargetAttributes = {
					1FB1123D1E31E999007F9183 = {
						CreatedOnToolsVersion = 8.2.1;
						ProvisioningStyle = Automatic;
					};
				};
			};
			buildConfigurationList = 1FB112391E31E999007F9183 /* Build configuration list for PBXProject "FancySegues" */;
			compatibilityVersion = "Xcode 3.2";
			developmentRegion = English;
			hasScannedForEncodings = 0;
			knownRegions = (
				en,
				Base,
			);
			mainGroup = 1FB112351E31E999007F9183;
			productRefGroup = 1FB1123F1E31E999007F9183 /* Products */;
			projectDirPath = "";
			projectRoot = "";
			targets = (
				1FB1123D1E31E999007F9183 /* FancySegues */,
			);
		};
/* End PBXProject section */

/* Begin PBXResourcesBuildPhase section */
		1FB1123C1E31E999007F9183 /* Resources */ = {
			isa = PBXResourcesBuildPhase;
			buildActionMask = 2147483647;
			files = (
				1FB1124C1E31E999007F9183 /* LaunchScreen.storyboard in Resources */,
				1FB112491E31E999007F9183 /* Assets.xcassets in Resources */,
				1FB112471E31E999007F9183 /* Main.storyboard in Resources */,
			);
			runOnlyForDeploymentPostprocessing = 0;
		};
/* End PBXResourcesBuildPhase section */

/* Begin PBXSourcesBuildPhase section */
		1FB1123A1E31E999007F9183 /* Sources */ = {
			isa = PBXSourcesBuildPhase;
			buildActionMask = 2147483647;
			files = (
				1FB112561E31EC8E007F9183 /* ModalViewController.swift in Sources */,
				1FB112441E31E999007F9183 /* ViewController.swift in Sources */,
				1FB112541E31EA62007F9183 /* OtherViewController.swift in Sources */,
				1FB112421E31E999007F9183 /* AppDelegate.swift in Sources */,
			);
			runOnlyForDeploymentPostprocessing = 0;
		};
/* End PBXSourcesBuildPhase section */

/* Begin PBXVariantGroup section */
		1FB112451E31E999007F9183 /* Main.storyboard */ = {
			isa = PBXVariantGroup;
			children = (
				1FB112461E31E999007F9183 /* Base */,
			);
			name = Main.storyboard;
			sourceTree = "<group>";
		};
		1FB1124A1E31E999007F9183 /* LaunchScreen.storyboard */ = {
			isa = PBXVariantGroup;
			children = (
				1FB1124B1E31E999007F9183 /* Base */,
			);
			name = LaunchScreen.storyboard;
			sourceTree = "<group>";
		};
/* End PBXVariantGroup section */

/* Begin XCBuildConfiguration section */
		1FB1124E1E31E999007F9183 /* Debug */ = {
			isa = XCBuildConfiguration;
			buildSettings = {
				ALWAYS_SEARCH_USER_PATHS = NO;
				CLANG_ANALYZER_NONNULL = YES;
				CLANG_CXX_LANGUAGE_STANDARD = "gnu++0x";
				CLANG_CXX_LIBRARY = "libc++";
				CLANG_ENABLE_MODULES = YES;
				CLANG_ENABLE_OBJC_ARC = YES;
				CLANG_WARN_BOOL_CONVERSION = YES;
				CLANG_WARN_CONSTANT_CONVERSION = YES;
				CLANG_WARN_DIRECT_OBJC_ISA_USAGE = YES_ERROR;
				CLANG_WARN_DOCUMENTATION_COMMENTS = YES;
				CLANG_WARN_EMPTY_BODY = YES;
				CLANG_WARN_ENUM_CONVERSION = YES;
				CLANG_WARN_INFINITE_RECURSION = YES;
				CLANG_WARN_INT_CONVERSION = YES;
				CLANG_WARN_OBJC_ROOT_CLASS = YES_ERROR;
				CLANG_WARN_SUSPICIOUS_MOVE = YES;
				CLANG_WARN_UNREACHABLE_CODE = YES;
				CLANG_WARN__DUPLICATE_METHOD_MATCH = YES;
				"CODE_SIGN_IDENTITY[sdk=iphoneos*]" = "iPhone Developer";
				COPY_PHASE_STRIP = NO;
				DEBUG_INFORMATION_FORMAT = dwarf;
				ENABLE_STRICT_OBJC_MSGSEND = YES;
				ENABLE_TESTABILITY = YES;
				GCC_C_LANGUAGE_STANDARD = gnu99;
				GCC_DYNAMIC_NO_PIC = NO;
				GCC_NO_COMMON_BLOCKS = YES;
				GCC_OPTIMIZATION_LEVEL = 0;
				GCC_PREPROCESSOR_DEFINITIONS = (
					"DEBUG=1",
					"$(inherited)",
				);
				GCC_WARN_64_TO_32_BIT_CONVERSION = YES;
				GCC_WARN_ABOUT_RETURN_TYPE = YES_ERROR;
				GCC_WARN_UNDECLARED_SELECTOR = YES;
				GCC_WARN_UNINITIALIZED_AUTOS = YES_AGGRESSIVE;
				GCC_WARN_UNUSED_FUNCTION = YES;
				GCC_WARN_UNUSED_VARIABLE = YES;
				IPHONEOS_DEPLOYMENT_TARGET = 10.2;
				MTL_ENABLE_DEBUG_INFO = YES;
				ONLY_ACTIVE_ARCH = YES;
				SDKROOT = iphoneos;
				SWIFT_ACTIVE_COMPILATION_CONDITIONS = DEBUG;
				SWIFT_OPTIMIZATION_LEVEL = "-Onone";
			};
			name = Debug;
		};
		1FB1124F1E31E999007F9183 /* Release */ = {
			isa = XCBuildConfiguration;
			buildSettings = {
				ALWAYS_SEARCH_USER_PATHS = NO;
				CLANG_ANALYZER_NONNULL = YES;
				CLANG_CXX_LANGUAGE_STANDARD = "gnu++0x";
				CLANG_CXX_LIBRARY = "libc++";
				CLANG_ENABLE_MODULES = YES;
				CLANG_ENABLE_OBJC_ARC = YES;
				CLANG_WARN_BOOL_CONVERSION = YES;
				CLANG_WARN_CONSTANT_CONVERSION = YES;
				CLANG_WARN_DIRECT_OBJC_ISA_USAGE = YES_ERROR;
				CLANG_WARN_DOCUMENTATION_COMMENTS = YES;
				CLANG_WARN_EMPTY_BODY = YES;
				CLANG_WARN_ENUM_CONVERSION = YES;
				CLANG_WARN_INFINITE_RECURSION = YES;
				CLANG_WARN_INT_CONVERSION = YES;
				CLANG_WARN_OBJC_ROOT_CLASS = YES_ERROR;
				CLANG_WARN_SUSPICIOUS_MOVE = YES;
				CLANG_WARN_UNREACHABLE_CODE = YES;
				CLANG_WARN__DUPLICATE_METHOD_MATCH = YES;
				"CODE_SIGN_IDENTITY[sdk=iphoneos*]" = "iPhone Developer";
				COPY_PHASE_STRIP = NO;
				DEBUG_INFORMATION_FORMAT = "dwarf-with-dsym";
				ENABLE_NS_ASSERTIONS = NO;
				ENABLE_STRICT_OBJC_MSGSEND = YES;
				GCC_C_LANGUAGE_STANDARD = gnu99;
				GCC_NO_COMMON_BLOCKS = YES;
				GCC_WARN_64_TO_32_BIT_CONVERSION = YES;
				GCC_WARN_ABOUT_RETURN_TYPE = YES_ERROR;
				GCC_WARN_UNDECLARED_SELECTOR = YES;
				GCC_WARN_UNINITIALIZED_AUTOS = YES_AGGRESSIVE;
				GCC_WARN_UNUSED_FUNCTION = YES;
				GCC_WARN_UNUSED_VARIABLE = YES;
				IPHONEOS_DEPLOYMENT_TARGET = 10.2;
				MTL_ENABLE_DEBUG_INFO = NO;
				SDKROOT = iphoneos;
				SWIFT_OPTIMIZATION_LEVEL = "-Owholemodule";
				VALIDATE_PRODUCT = YES;
			};
			name = Release;
		};
		1FB112511E31E999007F9183 /* Debug */ = {
			isa = XCBuildConfiguration;
			buildSettings = {
				ASSETCATALOG_COMPILER_APPICON_NAME = AppIcon;
				DEVELOPMENT_TEAM = "";
				INFOPLIST_FILE = FancySegues/Info.plist;
				LD_RUNPATH_SEARCH_PATHS = "$(inherited) @executable_path/Frameworks";
				PRODUCT_BUNDLE_IDENTIFIER = me.wilmar.FancySegues;
				PRODUCT_NAME = "$(TARGET_NAME)";
				SWIFT_VERSION = 3.0;
			};
			name = Debug;
		};
		1FB112521E31E999007F9183 /* Release */ = {
			isa = XCBuildConfiguration;
			buildSettings = {
				ASSETCATALOG_COMPILER_APPICON_NAME = AppIcon;
				DEVELOPMENT_TEAM = "";
				INFOPLIST_FILE = FancySegues/Info.plist;
				LD_RUNPATH_SEARCH_PATHS = "$(inherited) @executable_path/Frameworks";
				PRODUCT_BUNDLE_IDENTIFIER = me.wilmar.FancySegues;
				PRODUCT_NAME = "$(TARGET_NAME)";
				SWIFT_VERSION = 3.0;
			};
			name = Release;
		};
/* End XCBuildConfiguration section */

/* Begin XCConfigurationList section */
		1FB112391E31E999007F9183 /* Build configuration list for PBXProject "FancySegues" */ = {
			isa = XCConfigurationList;
			buildConfigurations = (
				1FB1124E1E31E999007F9183 /* Debug */,
				1FB1124F1E31E999007F9183 /* Release */,
			);
			defaultConfigurationIsVisible = 0;
			defaultConfigurationName = Release;
		};
		1FB112501E31E999007F9183 /* Build configuration list for PBXNativeTarget "FancySegues" */ = {
			isa = XCConfigurationList;
			buildConfigurations = (
				1FB112511E31E999007F9183 /* Debug */,
				1FB112521E31E999007F9183 /* Release */,
			);
			defaultConfigurationIsVisible = 0;
		};
/* End XCConfigurationList section */
	};
	rootObject = 1FB112361E31E999007F9183 /* Project object */;
}
